
Microsoft Visual Studio Solution File, Format Version 12.00
# Visual Studio Version 17
VisualStudioVersion = 17.10.34928.147
MinimumVisualStudioVersion = 10.0.40219.1
Project("{FAE04EC0-301F-11D3-BF4B-00C04F79EFBC}") = "OneNote-Api", "OneNote-Api\OneNote-Api.csproj", "{7DD902C0-D093-41F8-9349-278D9FEE6DEF}"
EndProject
Project("{2150E333-8FDC-42A3-9474-1A3956D46DE8}") = "Domain", "Domain", "{A59C3E5D-2F6D-460D-B303-7BD9D9FD9044}"
EndProject
Project("{2150E333-8FDC-42A3-9474-1A3956D46DE8}") = "OneNote.DAL", "OneNote.DAL", "{89BE15B3-FD27-42A3-AAEB-0D4BBF085130}"
EndProject
Project("{2150E333-8FDC-42A3-9474-1A3956D46DE8}") = "OneNote.BLL", "OneNote.BLL", "{31AC267B-E9DF-40D8-97F8-6245A65BA267}"
EndProject
Project("{FAE04EC0-301F-11D3-BF4B-00C04F79EFBC}") = "Domain", "Domain\Domain.csproj", "{B25A9F2E-C8D8-4B01-8741-21C1B876ED09}"
EndProject
Project("{FAE04EC0-301F-11D3-BF4B-00C04F79EFBC}") = "DAL", "DAL\DAL.csproj", "{812EE288-2BCE-499E-89BB-6BC9219C29F5}"
EndProject
Project("{FAE04EC0-301F-11D3-BF4B-00C04F79EFBC}") = "BLL", "BLL\BLL.csproj", "{A6981F5A-D4BF-498A-A67C-D8FA5BD5DAC8}"
EndProject
Global
	GlobalSection(SolutionConfigurationPlatforms) = preSolution
		Debug|Any CPU = Debug|Any CPU
		Release|Any CPU = Release|Any CPU
	EndGlobalSection
	GlobalSection(ProjectConfigurationPlatforms) = postSolution
		{7DD902C0-D093-41F8-9349-278D9FEE6DEF}.Debug|Any CPU.ActiveCfg = Debug|Any CPU
		{7DD902C0-D093-41F8-9349-278D9FEE6DEF}.Debug|Any CPU.Build.0 = Debug|Any CPU
		{7DD902C0-D093-41F8-9349-278D9FEE6DEF}.Release|Any CPU.ActiveCfg = Release|Any CPU
		{7DD902C0-D093-41F8-9349-278D9FEE6DEF}.Release|Any CPU.Build.0 = Release|Any CPU
		{B25A9F2E-C8D8-4B01-8741-21C1B876ED09}.Debug|Any CPU.ActiveCfg = Debug|Any CPU
		{B25A9F2E-C8D8-4B01-8741-21C1B876ED09}.Debug|Any CPU.Build.0 = Debug|Any CPU
		{B25A9F2E-C8D8-4B01-8741-21C1B876ED09}.Release|Any CPU.ActiveCfg = Release|Any CPU
		{B25A9F2E-C8D8-4B01-8741-21C1B876ED09}.Release|Any CPU.Build.0 = Release|Any CPU
		{812EE288-2BCE-499E-89BB-6BC9219C29F5}.Debug|Any CPU.ActiveCfg = Debug|Any CPU
		{812EE288-2BCE-499E-89BB-6BC9219C29F5}.Debug|Any CPU.Build.0 = Debug|Any CPU
		{812EE288-2BCE-499E-89BB-6BC9219C29F5}.Release|Any CPU.ActiveCfg = Release|Any CPU
		{812EE288-2BCE-499E-89BB-6BC9219C29F5}.Release|Any CPU.Build.0 = Release|Any CPU
		{A6981F5A-D4BF-498A-A67C-D8FA5BD5DAC8}.Debug|Any CPU.ActiveCfg = Debug|Any CPU
		{A6981F5A-D4BF-498A-A67C-D8FA5BD5DAC8}.Debug|Any CPU.Build.0 = Debug|Any CPU
		{A6981F5A-D4BF-498A-A67C-D8FA5BD5DAC8}.Release|Any CPU.ActiveCfg = Release|Any CPU
		{A6981F5A-D4BF-498A-A67C-D8FA5BD5DAC8}.Release|Any CPU.Build.0 = Release|Any CPU
	EndGlobalSection
	GlobalSection(SolutionProperties) = preSolution
		HideSolutionNode = FALSE
	EndGlobalSection
	GlobalSection(NestedProjects) = preSolution
		{B25A9F2E-C8D8-4B01-8741-21C1B876ED09} = {A59C3E5D-2F6D-460D-B303-7BD9D9FD9044}
		{812EE288-2BCE-499E-89BB-6BC9219C29F5} = {89BE15B3-FD27-42A3-AAEB-0D4BBF085130}
		{A6981F5A-D4BF-498A-A67C-D8FA5BD5DAC8} = {31AC267B-E9DF-40D8-97F8-6245A65BA267}
	EndGlobalSection
	GlobalSection(ExtensibilityGlobals) = postSolution
		SolutionGuid = {5E6D41CA-C4FE-4799-95AC-605C5BB6AD5C}
	EndGlobalSection
EndGlobal
